[[package]]
name = "astroid"
version = "2.15.6"
description = "An abstract syntax tree for Python with inference support."
category = "dev"
optional = false
python-versions = ">=3.7.2"

[package.dependencies]
lazy-object-proxy = ">=1.4.0"
typing-extensions = {version = ">=4.0.0", markers = "python_version < \"3.11\""}
wrapt = [
    {version = ">=1.11,<2", markers = "python_version < \"3.11\""},
    {version = ">=1.14,<2", markers = "python_version >= \"3.11\""},
]

[[package]]
name = "black"
version = "22.12.0"
description = "The uncompromising code formatter."
category = "dev"
optional = false
python-versions = ">=3.7"

[package.dependencies]
click = ">=8.0.0"
mypy-extensions = ">=0.4.3"
pathspec = ">=0.9.0"
platformdirs = ">=2"
tomli = {version = ">=1.1.0", markers = "python_full_version < \"3.11.0a7\""}

[package.extras]
colorama = ["colorama (>=0.4.3)"]
d = ["aiohttp (>=3.7.4)"]
jupyter = ["ipython (>=7.8.0)", "tokenize-rt (>=3.2.0)"]
uvloop = ["uvloop (>=0.15.2)"]

[[package]]
name = "click"
version = "8.1.6"
description = "Composable command line interface toolkit"
category = "dev"
optional = false
python-versions = ">=3.7"

[package.dependencies]
colorama = {version = "*", markers = "platform_system == \"Windows\""}

[[package]]
name = "colorama"
version = "0.4.6"
description = "Cross-platform colored terminal text."
category = "dev"
optional = false
python-versions = "!=3.0.*,!=3.1.*,!=3.2.*,!=3.3.*,!=3.4.*,!=3.5.*,!=3.6.*,>=2.7"

[[package]]
name = "coverage"
version = "6.5.0"
description = "Code coverage measurement for Python"
category = "dev"
optional = false
python-versions = ">=3.7"

[package.extras]
toml = ["tomli"]

[[package]]
name = "debugpy"
version = "1.6.7"
description = "An implementation of the Debug Adapter Protocol for Python"
category = "main"
optional = false
python-versions = ">=3.7"

[[package]]
name = "dill"
version = "0.3.7"
description = "serialize all of Python"
category = "dev"
optional = false
python-versions = ">=3.7"

[package.extras]
graph = ["objgraph (>=1.7.2)"]

[[package]]
name = "exceptiongroup"
version = "1.1.2"
description = "Backport of PEP 654 (exception groups)"
category = "dev"
optional = false
python-versions = ">=3.7"

[package.extras]
test = ["pytest (>=6)"]

[[package]]
name = "execnet"
version = "2.0.2"
description = "execnet: rapid multi-Python deployment"
category = "dev"
optional = false
python-versions = ">=3.7"

[package.extras]
testing = ["hatch", "pre-commit", "pytest", "tox"]

[[package]]
name = "flake8"
version = "5.0.4"
description = "the modular source code checker: pep8 pyflakes and co"
category = "dev"
optional = false
python-versions = ">=3.6.1"

[package.dependencies]
mccabe = ">=0.7.0,<0.8.0"
pycodestyle = ">=2.9.0,<2.10.0"
pyflakes = ">=2.5.0,<2.6.0"

[[package]]
name = "glob2"
version = "0.7"
description = "Version of the glob module that can capture patterns and supports recursive wildcards"
category = "dev"
optional = false
python-versions = "*"

[[package]]
name = "iniconfig"
version = "2.0.0"
description = "brain-dead simple config-ini parsing"
category = "dev"
optional = false
python-versions = ">=3.7"

[[package]]
name = "isort"
version = "5.12.0"
description = "A Python utility / library to sort Python imports."
category = "dev"
optional = false
python-versions = ">=3.8.0"

[package.extras]
colors = ["colorama (>=0.4.3)"]
requirements-deprecated-finder = ["pip-api", "pipreqs"]
pipfile-deprecated-finder = ["pip-shims (>=0.5.2)", "pipreqs", "requirementslib"]
plugins = ["setuptools"]

[[package]]
name = "junit-xml-2"
version = "1.9"
description = "Fork of https://github.com/kyrus/python-junit-xml that has tarball published to pypi"
category = "dev"
optional = false
python-versions = "*"

[package.dependencies]
six = "*"

[[package]]
name = "lazy-object-proxy"
version = "1.9.0"
description = "A fast and thorough lazy object proxy."
category = "dev"
optional = false
python-versions = ">=3.7"

[[package]]
name = "mako"
version = "1.2.4"
description = "A super-fast templating language that borrows the best ideas from the existing templating languages."
category = "dev"
optional = false
python-versions = ">=3.7"

[package.dependencies]
MarkupSafe = ">=0.9.2"

[package.extras]
babel = ["babel"]
lingua = ["lingua"]
testing = ["pytest"]

[[package]]
name = "markupsafe"
version = "2.1.3"
description = "Safely add untrusted strings to HTML/XML markup."
category = "dev"
optional = false
python-versions = ">=3.7"

[[package]]
name = "mccabe"
version = "0.7.0"
description = "McCabe checker, plugin for flake8"
category = "dev"
optional = false
python-versions = ">=3.6"

[[package]]
name = "mypy-extensions"
version = "1.0.0"
description = "Type system extensions for programs checked with the mypy type checker."
category = "dev"
optional = false
python-versions = ">=3.5"

[[package]]
name = "numpy"
version = "1.23.0"
description = "NumPy is the fundamental package for array computing with Python."
category = "main"
optional = false
python-versions = ">=3.8"

[[package]]
name = "packaging"
version = "23.1"
description = "Core utilities for Python packages"
category = "main"
optional = false
python-versions = ">=3.7"

[[package]]
name = "parse"
version = "1.19.1"
description = "parse() is the opposite of format()"
category = "dev"
optional = false
python-versions = "*"

[[package]]
name = "parse-type"
version = "0.6.2"
description = "Simplifies to build parse types based on the parse module"
category = "dev"
optional = false
python-versions = ">=2.7, !=3.0.*, !=3.1.*"

[package.dependencies]
parse = {version = ">=1.18.0", markers = "python_version >= \"3.0\""}
six = ">=1.15"

[package.extras]
develop = ["build (>=0.5.1)", "twine (>=1.13.0)", "coverage (>=4.4)", "pytest-html (>=1.19.0)", "pytest-cov", "tox (>=2.8,<4.0)", "pylint", "pytest (<5.0)", "virtualenv (<20.22.0)", "virtualenv (>=20.0.0)", "pytest (>=5.0)", "ruff"]
docs = ["Sphinx (>=1.6)", "sphinx-bootstrap-theme (>=0.6.0)"]
testing = ["pytest-html (>=1.19.0)", "pytest (<5.0)", "pytest (>=5.0)"]

[[package]]
name = "pathspec"
version = "0.11.2"
description = "Utility library for gitignore style pattern matching of file paths."
category = "dev"
optional = false
python-versions = ">=3.7"

[[package]]
name = "platformdirs"
version = "3.10.0"
description = "A small Python package for determining appropriate platform-specific dirs, e.g. a \"user data dir\"."
category = "dev"
optional = false
python-versions = ">=3.7"

[package.extras]
docs = ["furo (>=2023.7.26)", "proselint (>=0.13)", "sphinx-autodoc-typehints (>=1.24)", "sphinx (>=7.1.1)"]
test = ["appdirs (==1.4.4)", "covdefaults (>=2.3)", "pytest-cov (>=4.1)", "pytest-mock (>=3.11.1)", "pytest (>=7.4)"]

[[package]]
name = "pluggy"
version = "1.2.0"
description = "plugin and hook calling mechanisms for python"
category = "dev"
optional = false
python-versions = ">=3.7"

[package.extras]
dev = ["pre-commit", "tox"]
testing = ["pytest", "pytest-benchmark"]

[[package]]
name = "psutil"
version = "5.9.5"
description = "Cross-platform lib for process and system monitoring in Python."
category = "main"
optional = false
python-versions = ">=2.7, !=3.0.*, !=3.1.*, !=3.2.*, !=3.3.*"

[package.extras]
test = ["ipaddress", "mock", "enum34", "pywin32", "wmi"]

[[package]]
name = "py"
version = "1.11.0"
description = "library with cross-python path, ini-parsing, io, code, log facilities"
category = "dev"
optional = false
python-versions = ">=2.7, !=3.0.*, !=3.1.*, !=3.2.*, !=3.3.*, !=3.4.*"

[[package]]
name = "pycodestyle"
version = "2.9.1"
description = "Python style guide checker"
category = "dev"
optional = false
python-versions = ">=3.6"

[[package]]
name = "pyflakes"
version = "2.5.0"
description = "passive checker of Python programs"
category = "dev"
optional = false
python-versions = ">=3.6"

[[package]]
name = "pylint"
version = "2.17.5"
description = "python code static checker"
category = "dev"
optional = false
python-versions = ">=3.7.2"

[package.dependencies]
astroid = ">=2.15.6,<=2.17.0-dev0"
colorama = {version = ">=0.4.5", markers = "sys_platform == \"win32\""}
dill = [
    {version = ">=0.2", markers = "python_version < \"3.11\""},
    {version = ">=0.3.6", markers = "python_version >= \"3.11\""},
]
isort = ">=4.2.5,<6"
mccabe = ">=0.6,<0.8"
platformdirs = ">=2.2.0"
tomli = {version = ">=1.1.0", markers = "python_version < \"3.11\""}
tomlkit = ">=0.10.1"

[package.extras]
spelling = ["pyenchant (>=3.2,<4.0)"]
testutils = ["gitpython (>3)"]

[[package]]
name = "pylint-junit"
version = "0.3.2"
description = "pylint reporter for junit format."
category = "dev"
optional = false
python-versions = "*"

[package.dependencies]
junit-xml-2 = "*"
pylint = "*"

[[package]]
name = "pytango"
version = "9.4.2"
description = "A python binding for the Tango control system"
category = "main"
optional = false
python-versions = ">=3.9"

[package.dependencies]
numpy = ">=1.13.3"
packaging = "*"
psutil = "*"

[package.extras]
gevent = ["gevent (>=20.0)"]
tests = ["gevent (>=20)", "pytest", "pytest-forked"]

[[package]]
name = "pytest"
version = "7.4.0"
description = "pytest: simple powerful testing with Python"
category = "dev"
optional = false
python-versions = ">=3.7"

[package.dependencies]
colorama = {version = "*", markers = "sys_platform == \"win32\""}
exceptiongroup = {version = ">=1.0.0rc8", markers = "python_version < \"3.11\""}
iniconfig = "*"
packaging = "*"
pluggy = ">=0.12,<2.0"
tomli = {version = ">=1.0.0", markers = "python_version < \"3.11\""}

[package.extras]
testing = ["argcomplete", "attrs (>=19.2.0)", "hypothesis (>=3.56)", "mock", "nose", "pygments (>=2.7.2)", "requests", "setuptools", "xmlschema"]

[[package]]
name = "pytest-bdd"
version = "5.0.0"
description = "BDD for pytest"
category = "dev"
optional = false
python-versions = ">=3.6"

[package.dependencies]
glob2 = "*"
Mako = "*"
parse = "*"
parse-type = "*"
py = "*"
pytest = ">=4.3"

[[package]]
name = "pytest-cov"
version = "2.12.1"
description = "Pytest plugin for measuring coverage."
category = "dev"
optional = false
python-versions = ">=2.7, !=3.0.*, !=3.1.*, !=3.2.*, !=3.3.*, !=3.4.*"

[package.dependencies]
coverage = ">=5.2.1"
pytest = ">=4.6"
toml = "*"

[package.extras]
testing = ["fields", "hunter", "process-tests", "six", "pytest-xdist", "virtualenv"]

[[package]]
name = "pytest-forked"
version = "1.6.0"
description = "run tests in isolated forked subprocesses"
category = "dev"
optional = false
python-versions = ">=3.7"

[package.dependencies]
py = "*"
pytest = ">=3.10"

[[package]]
name = "pytest-json-report"
version = "1.5.0"
description = "A pytest plugin to report test results as JSON files"
category = "dev"
optional = false
python-versions = "*"

[package.dependencies]
pytest = ">=3.8.0"
pytest-metadata = "*"

[[package]]
name = "pytest-metadata"
version = "3.0.0"
description = "pytest plugin for test session metadata"
category = "dev"
optional = false
python-versions = ">=3.7"

[package.dependencies]
pytest = ">=7.0.0"

[package.extras]
test = ["black (>=22.1.0)", "flake8 (>=4.0.1)", "pre-commit (>=2.17.0)", "tox (>=3.24.5)"]

[[package]]
name = "pytest-mock"
version = "3.11.1"
description = "Thin-wrapper around the mock package for easier use with pytest"
category = "dev"
optional = false
python-versions = ">=3.7"

[package.dependencies]
pytest = ">=5.0"

[package.extras]
dev = ["pre-commit", "tox", "pytest-asyncio"]

[[package]]
name = "pytest-repeat"
version = "0.9.1"
description = "pytest plugin for repeating tests"
category = "dev"
optional = false
python-versions = ">=2.7, !=3.0.*, !=3.1.*, !=3.2.*, !=3.3.*, !=3.4.*"

[package.dependencies]
pytest = ">=3.6"

[[package]]
name = "pytest-xdist"
version = "2.5.0"
description = "pytest xdist plugin for distributed testing and loop-on-failing modes"
category = "dev"
optional = false
python-versions = ">=3.6"

[package.dependencies]
execnet = ">=1.1"
pytest = ">=6.2.0"
pytest-forked = "*"

[package.extras]
psutil = ["psutil (>=3.0)"]
setproctitle = ["setproctitle"]
testing = ["filelock"]

[[package]]
name = "six"
version = "1.16.0"
description = "Python 2 and 3 compatibility utilities"
category = "main"
optional = false
python-versions = ">=2.7, !=3.0.*, !=3.1.*, !=3.2.*"

[[package]]
name = "ska-control-model"
version = "0.3.1"
description = "The SKA control model"
category = "main"
optional = false
python-versions = ">=3.7.2,<4.0.0"

[package.dependencies]
transitions = ">=0.9.0,<0.10.0"
typing-extensions = ">=4.3.0,<5.0.0"

[package.source]
type = "legacy"
url = "https://artefact.skao.int/repository/pypi-internal/simple"
reference = 'ska-nexus'

[[package]]
name = "ska-ser-logging"
version = "0.4.1+0a677a67"
description = "Square Kilometre Array logging configuration library"
category = "main"
optional = false
python-versions = ">=3.5"

[package.extras]
dev = ["prospector", "black", "isort"]

[package.source]
type = "legacy"
url = "https://artefact.skao.int/repository/pypi-internal/simple"
reference = 'ska-nexus'

[[package]]
name = "ska-tango-base"
version = "0.17.0"
description = "SKA Tango base classes"
category = "main"
optional = false
python-versions = ">=3.7.2,<4.0.0"

[package.dependencies]
debugpy = ">=1.6.2,<2.0.0"
numpy = {version = "1.23.0", markers = "python_version == \"3.10\""}
pytango = ">=9.3.3,<10.0.0"
ska-control-model = ">=0.3.1,<0.4.0"
ska-ser-logging = ">=0.4.1,<0.5.0"
transitions = ">=0.9.0,<0.10.0"

[package.source]
type = "legacy"
url = "https://artefact.skao.int/repository/pypi-internal/simple"
reference = 'ska-nexus'

[[package]]
name = "ska-tango-testing"
version = "0.6.0"
description = "Test harness for testing SKA Tango devices"
category = "main"
optional = false
python-versions = ">=3.8,<4.0"

[package.dependencies]
numpy = ">=1.19.0,<2.0.0"
pytango = ">=9.3.3,<10.0.0"

[package.source]
type = "legacy"
url = "https://artefact.skao.int/repository/pypi-internal/simple"
reference = 'ska-nexus'

[[package]]
name = "toml"
version = "0.10.2"
description = "Python Library for Tom's Obvious, Minimal Language"
category = "dev"
optional = false
python-versions = ">=2.6, !=3.0.*, !=3.1.*, !=3.2.*"

[[package]]
name = "tomli"
version = "2.0.1"
description = "A lil' TOML parser"
category = "dev"
optional = false
python-versions = ">=3.7"

[[package]]
name = "tomlkit"
version = "0.12.1"
description = "Style preserving TOML library"
category = "dev"
optional = false
python-versions = ">=3.7"

[[package]]
name = "transitions"
version = "0.9.0"
description = "A lightweight, object-oriented Python state machine implementation with many extensions."
category = "main"
optional = false
python-versions = "*"

[package.dependencies]
six = "*"

[package.extras]
diagrams = ["pygraphviz"]
test = ["pytest"]

[[package]]
name = "typing-extensions"
version = "4.7.1"
description = "Backported and Experimental Type Hints for Python 3.7+"
category = "main"
optional = false
python-versions = ">=3.7"

[[package]]
name = "wrapt"
version = "1.15.0"
description = "Module for decorators, wrappers and monkey patching."
category = "dev"
optional = false
python-versions = "!=3.0.*,!=3.1.*,!=3.2.*,!=3.3.*,!=3.4.*,>=2.7"

[metadata]
lock-version = "1.1"
python-versions = "^3.10"
content-hash = "7a15ba0d2b5ccf84ccf269a902e23825bbfd9351f2adb6cdb527c023d73fd9e1"

[metadata.files]
astroid = []
black = []
click = []
colorama = []
coverage = []
debugpy = []
dill = []
exceptiongroup = []
execnet = []
flake8 = []
glob2 = []
iniconfig = []
isort = []
junit-xml-2 = []
lazy-object-proxy = []
mako = []
markupsafe = []
mccabe = []
mypy-extensions = []
numpy = []
packaging = []
parse = []
parse-type = []
pathspec = []
platformdirs = []
pluggy = []
psutil = []
py = []
pycodestyle = []
pyflakes = []
pylint = []
pylint-junit = []
pytango = []
pytest = []
pytest-bdd = []
pytest-cov = []
pytest-forked = []
pytest-json-report = []
pytest-metadata = []
pytest-mock = []
pytest-repeat = []
pytest-xdist = []
six = []
ska-control-model = [
    {file = "ska_control_model-0.3.1-py3-none-any.whl", hash = "sha256:81ab7d091c9a02cf504309c2168f834ec0dd8acfeee30d0a2d2deb24165ceaea"},
    {file = "ska_control_model-0.3.1.tar.gz", hash = "sha256:fa3dea88421f6d159a6c86f55be8b79750b93932ff9f67779fb67a91c85351ed"},
]
ska-ser-logging = [
    {file = "ska_ser_logging-0.4.1+0a677a67-py3-none-any.whl", hash = "sha256:8b2bf14e9981966c22503b6b6477b6386dec1def1f71295579f0686d55b83841"},
    {file = "ska_ser_logging-0.4.1+0a677a67.tar.gz", hash = "sha256:558622000db39668d3a35b6986af9d70dac36635826636ef2c07f816a149a06d"},
]
ska-tango-base = [
    {file = "ska_tango_base-0.17.0-py3-none-any.whl", hash = "sha256:b35d36066acf3f28d207c573b567a3bb291441133784b1934eb2f8cc2a983fad"},
    {file = "ska_tango_base-0.17.0.tar.gz", hash = "sha256:9e36547473a4aa6ab5e3b2f2bee980e36ecc1d45787f4319244450035631aff1"},
]
ska-tango-testing = [
    {file = "ska_tango_testing-0.6.0-py3-none-any.whl", hash = "sha256:3a96b090998b445df013cba33721d110298a946b277a7de6fe312f3da1219504"},
    {file = "ska_tango_testing-0.6.0.tar.gz", hash = "sha256:fdc1d807dc1cad2ddc1d754cb5ee9debe846db667de12e412474388c3fff97d6"},
]
toml = []
tomli = []
tomlkit = []
transitions = []
typing-extensions = []
wrapt = []
