[[package]]
name = "six"
version = "1.16.0"
description = "Python 2 and 3 compatibility utilities"
category = "main"
optional = false
python-versions = ">=2.7, !=3.0.*, !=3.1.*, !=3.2.*"

[[package]]
name = "ska-control-model"
version = "0.3.1"
description = "The SKA control model"
category = "main"
optional = false
python-versions = ">=3.7.2,<4.0.0"

[package.dependencies]
transitions = ">=0.9.0,<0.10.0"
typing-extensions = ">=4.3.0,<5.0.0"

[package.source]
type = "legacy"
url = "https://artefact.skao.int/repository/pypi-internal/simple"
reference = 'ska-nexus'

[[package]]
name = "transitions"
version = "0.9.0"
description = "A lightweight, object-oriented Python state machine implementation with many extensions."
category = "main"
optional = false
python-versions = "*"

[package.dependencies]
six = "*"

[package.extras]
diagrams = ["pygraphviz"]
test = ["pytest"]

[[package]]
name = "typing-extensions"
version = "4.4.0"
description = "Backported and Experimental Type Hints for Python 3.7+"
category = "main"
optional = false
python-versions = ">=3.7"

[metadata]
lock-version = "1.1"
python-versions = ">=3.7.2,<4.0.0"
content-hash = "34805a74b369ec6189c24ffa05e0aa3e1b78c642929a505e39e25db81154874f"

[metadata.files]
six = [
    {file = "six-1.16.0-py2.py3-none-any.whl", hash = "sha256:8abb2f1d86890a2dfb989f9a77cfcfd3e47c2a354b01111771326f8aa26e0254"},
    {file = "six-1.16.0.tar.gz", hash = "sha256:1e61c37477a1626458e36f7b1d82aa5c9b094fa4802892072e49de9c60c4c926"},
]
ska-control-model = [
    {file = "ska_control_model-0.3.1-py3-none-any.whl", hash = "sha256:81ab7d091c9a02cf504309c2168f834ec0dd8acfeee30d0a2d2deb24165ceaea"},
    {file = "ska_control_model-0.3.1.tar.gz", hash = "sha256:fa3dea88421f6d159a6c86f55be8b79750b93932ff9f67779fb67a91c85351ed"},
]
transitions = [
    {file = "transitions-0.9.0-py2.py3-none-any.whl", hash = "sha256:5687ee8c6a3200830e44f988d16b0045f53293f7a873002d7bff70852331a078"},
    {file = "transitions-0.9.0.tar.gz", hash = "sha256:2f54d11bdb225779d7e729011e93a9fb717668ce3dc65f8d4f5a5d7ba2f48e10"},
]
typing-extensions = [
    {file = "typing_extensions-4.4.0-py3-none-any.whl", hash = "sha256:16fa4864408f655d35ec496218b85f79b3437c829e93320c7c9215ccfd92489e"},
    {file = "typing_extensions-4.4.0.tar.gz", hash = "sha256:1511434bb92bf8dd198c12b1cc812e800d4181cfcb867674e0f8279cc93087aa"},
]
